{
  "name": "Best-Bid",
  "lockfileVersion": 2,
  "requires": true,
  "packages": {
    "": {
      "dependencies": {
        "email-validator": "^2.0.4",
        "validate-phone-number-node-js": "^0.0.1"
      }
    },
    "node_modules/email-validator": {
      "version": "2.0.4",
      "resolved": "https://registry.npmjs.org/email-validator/-/email-validator-2.0.4.tgz",
      "integrity": "sha512-gYCwo7kh5S3IDyZPLZf6hSS0MnZT8QmJFqYvbqlDZSbwdZlY6QZWxJ4i/6UhITOJ4XzyI647Bm2MXKCLqnJ4nQ==",
      "engines": {
        "node": ">4.0"
      }
    },
    "node_modules/validate-phone-number-node-js": {
      "version": "0.0.1",
      "resolved": "https://registry.npmjs.org/validate-phone-number-node-js/-/validate-phone-number-node-js-0.0.1.tgz",
      "integrity": "sha512-A9yVgLOYLyLhGKPFOxGsar9jQK/Ti4TKvEUrklQ26KWRxcV6xw9EzBBD9dCX6S+SeczxCuQgO1u3I/ne2tABYw=="
    }
  },
  "dependencies": {
    "email-validator": {
      "version": "2.0.4",
      "resolved": "https://registry.npmjs.org/email-validator/-/email-validator-2.0.4.tgz",
      "integrity": "sha512-gYCwo7kh5S3IDyZPLZf6hSS0MnZT8QmJFqYvbqlDZSbwdZlY6QZWxJ4i/6UhITOJ4XzyI647Bm2MXKCLqnJ4nQ=="
    },
    "validate-phone-number-node-js": {
      "version": "0.0.1",
      "resolved": "https://registry.npmjs.org/validate-phone-number-node-js/-/validate-phone-number-node-js-0.0.1.tgz",
      "integrity": "sha512-A9yVgLOYLyLhGKPFOxGsar9jQK/Ti4TKvEUrklQ26KWRxcV6xw9EzBBD9dCX6S+SeczxCuQgO1u3I/ne2tABYw=="
    }
  }
}
